{
    "name": "ts-binarifier",
    "version": "1.0.0",
    "lockfileVersion": 3,
    "requires": true,
    "packages": {
        "": {
            "name": "ts-binarifier",
            "version": "1.0.0",
            "devDependencies": {
                "@types/bun": "latest",
                "@types/node": "^20.0.0",
                "typescript": "^6.0.0"
            }
        },
        "node_modules/@types/bun": {
            "version": "1.3.11",
            "resolved": "https://registry.npmjs.org/@types/bun/-/bun-1.3.11.tgz",
            "integrity": "sha512-5vPne5QvtpjGpsGYXiFyycfpDF2ECyPcTSsFBMa0fraoxiQyMJ3SmuQIGhzPg2WJuWxVBoxWJ2kClYTcw/4fAg==",
            "dev": true,
            "license": "MIT",
            "dependencies": {
                "bun-types": "1.3.11"
            }
        },
        "node_modules/@types/node": {
            "version": "20.19.37",
            "resolved": "https://registry.npmjs.org/@types/node/-/node-20.19.37.tgz",
            "integrity": "sha512-8kzdPJ3FsNsVIurqBs7oodNnCEVbni9yUEkaHbgptDACOPW04jimGagZ51E6+lXUwJjgnBw+hyko/lkFWCldqw==",
            "dev": true,
            "license": "MIT",
            "dependencies": {
                "undici-types": "~6.21.0"
            }
        },
        "node_modules/bun-types": {
            "version": "1.3.11",
            "dev": true,
            "license": "MIT",
            "dependencies": {
                "@types/node": "*"
            }
        },
        "node_modules/typescript": {
            "version": "6.0.2",
            "dev": true,
            "license": "Apache-2.0",
            "bin": {
                "tsc": "bin/tsc",
                "tsserver": "bin/tsserver"
            },
            "engines": {
                "node": ">=14.17"
            }
        },
        "node_modules/undici-types": {
            "version": "6.21.0",
            "resolved": "https://registry.npmjs.org/undici-types/-/undici-types-6.21.0.tgz",
            "integrity": "sha512-iwDZqg0QAGrg9Rav5H4n0M64c3mkR59cJ6wQp+7C4nI0gsmExaedaYLNO44eT4AtBBwjbTiGPMlt2Md0T9H9JQ==",
            "dev": true,
            "license": "MIT"
        }
    }
}
